PODS:
  - AVOSCloudCrashReportingDynamic (3.1.7.1):
    - AVOSCloudDynamic
  - AVOSCloudDynamic (3.1.7.1)
  - AVOSCloudIMDynamic (3.1.7.1):
    - AVOSCloudDynamic

DEPENDENCIES:
  - AVOSCloudCrashReportingDynamic
  - AVOSCloudDynamic
  - AVOSCloudIMDynamic

SPEC CHECKSUMS:
  AVOSCloudCrashReportingDynamic: 487ca2dee24036c42841480f0117011c08e0a32b
  AVOSCloudDynamic: 532aa15204f82638c93a6f47f3c91bc18b96304c
  AVOSCloudIMDynamic: 6c2d176471c8d6423ed8bb8bab1e43dcceadd215

COCOAPODS: 0.39.0
